// !$*UTF8*$!
{
	archiveVersion = 1;
	classes = {
	};
	objectVersion = 56;
	objects = {

/* Begin PBXBuildFile section */
		1A1A1A1B2A00000100000001 /* ContentView.swift in Sources */ = {isa = PBXBuildFile; fileRef = 1A1A1A1A2A00000100000001 /* ContentView.swift */; };
		1A1A1A1D2A00000100000001 /* iOSDemoAppApp.swift in Sources */ = {isa = PBXBuildFile; fileRef = 1A1A1A1C2A00000100000001 /* iOSDemoAppApp.swift */; };
		AA1000010000000000000001 /* MetalMapView.swift in Sources */ = {isa = PBXBuildFile; fileRef = AA1000010000000000000000 /* MetalMapView.swift */; };
		AA1000030000000000000001 /* ffi_run.swift in Sources */ = {isa = PBXBuildFile; fileRef = AA1000030000000000000000 /* ffi_run.swift */; };
		AA1000050000000000000001 /* ffi_run.xcframework in Frameworks */ = {isa = PBXBuildFile; fileRef = AA1000050000000000000000 /* ffi_run.xcframework */; };
/* End PBXBuildFile section */
/* Begin PBXShellScriptBuildPhase section */
		AA2000010000000000000000 /* UniFFI Generate */ = {
			isa = PBXShellScriptBuildPhase;
			alwaysOutOfDate = 1;
			buildActionMask = 2147483647;
			files = (
			);
			inputFileListPaths = (
			);
			inputPaths = (
				"$(SRCROOT)/../temp_ios_ffi.sh",
			);
			name = "UniFFI Generate";
			outputFileListPaths = (
			);
			runOnlyForDeploymentPostprocessing = 0;
			shellPath = /bin/sh;
			shellScript = "set -e\necho '[UniFFI] Generation phase start'\n\n# Allow manual skip\nif [ -n \"$SKIP_UNIFFI_GEN\" ]; then\n  echo '[UniFFI] Skip (SKIP_UNIFFI_GEN set)'\n  exit 0\nfi\n\n# Work inside app folder (SRCROOT points to iOSDemoApp)\ncd \"${SRCROOT}\"\n\n# Run the main build script\nbash ../temp_ios_ffi.sh\n\necho '[UniFFI] Generation phase done'";
		};
/* End PBXShellScriptBuildPhase section */
/* End PBXBuildFile section */

/* Begin PBXFileReference section */
		1A1A1A1A2A00000100000001 /* ContentView.swift */ = {isa = PBXFileReference; lastKnownFileType = sourcecode.swift; path = ContentView.swift; sourceTree = "<group>"; };
		1A1A1A1C2A00000100000001 /* iOSDemoAppApp.swift */ = {isa = PBXFileReference; lastKnownFileType = sourcecode.swift; path = iOSDemoAppApp.swift; sourceTree = "<group>"; };
		1A1A1A1E2A00000100000001 /* Info.plist */ = {isa = PBXFileReference; lastKnownFileType = text.plist.xml; path = Info.plist; sourceTree = "<group>"; };
		1A1A1A401A00000100000001 /* iOSDemoApp.app */ = {isa = PBXFileReference; explicitFileType = wrapper.application; includeInIndex = 0; path = iOSDemoApp.app; sourceTree = BUILT_PRODUCTS_DIR; };
		AA1000010000000000000000 /* MetalMapView.swift */ = {isa = PBXFileReference; lastKnownFileType = sourcecode.swift; path = MetalMapView.swift; sourceTree = "<group>"; };
		AA1000030000000000000000 /* ffi_run.swift */ = {isa = PBXFileReference; lastKnownFileType = sourcecode.swift; name = ffi_run.swift; path = swift/ffi_run.swift; sourceTree = "<group>"; };
		AA1000050000000000000000 /* ffi_run.xcframework */ = {isa = PBXFileReference; lastKnownFileType = wrapper.xcframework; name = ffi_run.xcframework; path = lib/ffi_run.xcframework; sourceTree = "<group>"; };
		AA1000060000000000000000 /* ffi_runFFI.h */ = {isa = PBXFileReference; lastKnownFileType = sourcecode.c.h; name = ffi_runFFI.h; path = swift/ffi_runFFI.h; sourceTree = "<group>"; };
		AA1000070000000000000000 /* ffi_runFFI.modulemap */ = {isa = PBXFileReference; lastKnownFileType = sourcecode.module-map; name = ffi_runFFI.modulemap; path = swift/ffi_runFFI.modulemap; sourceTree = "<group>"; };
/* End PBXFileReference section */

/* Begin PBXFrameworksBuildPhase section */
		1A1A1A052A00000100000001 /* Frameworks */ = {
			isa = PBXFrameworksBuildPhase;
			buildActionMask = 2147483647;
			files = (
				AA1000050000000000000001 /* ffi_run.xcframework in Frameworks */,
			);
			runOnlyForDeploymentPostprocessing = 0;
		};
/* End PBXFrameworksBuildPhase section */

/* Begin PBXGroup section */
		1A1A1A002A00000100000001 = {
			isa = PBXGroup;
			children = (
				1A1A1A0A2A00000100000001 /* iOSDemoApp */,
				1A1A1A402A00000100000001 /* Products */,
			);
			sourceTree = "<group>";
		};
		1A1A1A0A2A00000100000001 /* iOSDemoApp */ = {
		isa = PBXGroup;
		children = (
			1A1A1A1A2A00000100000001 /* ContentView.swift */,
			1A1A1A1C2A00000100000001 /* iOSDemoAppApp.swift */,
			AA1000010000000000000000 /* MetalMapView.swift */,
			AA1000020000000000000000 /* Generated */,
			1A1A1A1E2A00000100000001 /* Info.plist */,
		);
		path = iOSDemoApp;
		sourceTree = "<group>";
	};
		AA1000020000000000000000 /* Generated */ = {
		isa = PBXGroup;
		children = (
			AA1000030000000000000000 /* ffi_run.swift */,
			AA1000050000000000000000 /* ffi_run.xcframework */,
			AA1000060000000000000000 /* ffi_runFFI.h */,
			AA1000070000000000000000 /* ffi_runFFI.modulemap */,
		);
		name = Generated;
		path = ../generated;
		sourceTree = "<group>";
	};
		1A1A1A402A00000100000001 /* Products */ = {
			isa = PBXGroup;
			children = (
				1A1A1A401A00000100000001 /* iOSDemoApp.app */,
			);
			name = Products;
			sourceTree = "<group>";
		};
/* End PBXGroup section */

/* Begin PBXNativeTarget section */
		1A1A1A032A00000100000001 /* iOSDemoApp */ = {
			isa = PBXNativeTarget;
			buildConfigurationList = 1A1A1A192A00000100000001 /* Build configuration list for PBXNativeTarget "iOSDemoApp" */;
			buildPhases = (
				AA2000010000000000000000 /* UniFFI Generate */,
				1A1A1A042A00000100000001 /* Sources */,
				1A1A1A403A00000100000001 /* Resources */,
				1A1A1A052A00000100000001 /* Frameworks */,
			);
			buildRules = (
			);
			dependencies = (
			);
			name = iOSDemoApp;
			productName = iOSDemoApp;
			productType = "com.apple.product-type.application";
			productReference = 1A1A1A401A00000100000001 /* iOSDemoApp.app */;
		};
/* End PBXNativeTarget section */

/* Begin PBXProject section */
		1A1A1A012A00000100000001 /* Project object */ = {
			isa = PBXProject;
			attributes = {
				BuildIndependentTargetsInParallel = YES;
				LastSwiftUpdateCheck = 1500;
				LastUpgradeCheck = 2600;
			};
			buildConfigurationList = 1A1A1A022A00000100000001 /* Build configuration list for PBXProject "iOSDemoApp" */;
			compatibilityVersion = "Xcode 14.0";
			developmentRegion = en;
			hasScannedForEncodings = 0;
			knownRegions = (
				en,
				Base,
			);
			mainGroup = 1A1A1A002A00000100000001;
			productRefGroup = 1A1A1A402A00000100000001 /* Products */;
			projectDirPath = "";
			projectRoot = "";
			targets = (
				1A1A1A032A00000100000001 /* iOSDemoApp */,
			);
		};
/* End PBXProject section */
/* Begin PBXResourcesBuildPhase section */
		1A1A1A403A00000100000001 /* Resources */ = {
			isa = PBXResourcesBuildPhase;
			buildActionMask = 2147483647;
			files = (
			);
			runOnlyForDeploymentPostprocessing = 0;
		};
/* End PBXResourcesBuildPhase section */

/* Begin PBXSourcesBuildPhase section */
		1A1A1A042A00000100000001 /* Sources */ = {
			isa = PBXSourcesBuildPhase;
			buildActionMask = 2147483647;
			files = (
				1A1A1A1B2A00000100000001 /* ContentView.swift in Sources */,
				1A1A1A1D2A00000100000001 /* iOSDemoAppApp.swift in Sources */,
				AA1000010000000000000001 /* MetalMapView.swift in Sources */,
				AA1000030000000000000001 /* ffi_run.swift in Sources */,
			);
			runOnlyForDeploymentPostprocessing = 0;
		};
/* End PBXSourcesBuildPhase section */

/* Begin XCBuildConfiguration section */
		1A1A1A172A00000100000001 /* Debug */ = {
			isa = XCBuildConfiguration;
			buildSettings = {
				ASSETCATALOG_COMPILER_APPICON_NAME = AppIcon;
				CLANG_ENABLE_OBJC_WEAK = YES;
				HEADER_SEARCH_PATHS = (
					"$(SRCROOT)/generated/swift",
				);
				SWIFT_OBJC_BRIDGING_HEADER = iOSDemoApp/iOSDemoApp-Bridging-Header.h;
				CODE_SIGN_STYLE = Automatic;
				CURRENT_PROJECT_VERSION = 1;
				GENERATE_INFOPLIST_FILE = NO;
				INFOPLIST_FILE = iOSDemoApp/Info.plist;
				IPHONEOS_DEPLOYMENT_TARGET = 15.0;
				LD_RUNPATH_SEARCH_PATHS = (
					"$(inherited)",
					"@executable_path/Frameworks",
				);
				MARKETING_VERSION = 1.0;
				PRODUCT_BUNDLE_IDENTIFIER = com.shashlik.demo.ios;
				PRODUCT_NAME = "$(TARGET_NAME)";
				SDKROOT = iphoneos;
				SUPPORTED_PLATFORMS = "iphonesimulator iphoneos";
				SWIFT_VERSION = 5.0;
				TARGETED_DEVICE_FAMILY = 1;
				ALWAYS_SEARCH_USER_PATHS = NO;
			};
			name = Debug;
		};
		1A1A1A182A00000100000001 /* Release */ = {
			isa = XCBuildConfiguration;
			buildSettings = {
				ASSETCATALOG_COMPILER_APPICON_NAME = AppIcon;
				CLANG_ENABLE_OBJC_WEAK = YES;
				HEADER_SEARCH_PATHS = (
					"$(SRCROOT)/generated/swift",
				);
				SWIFT_OBJC_BRIDGING_HEADER = iOSDemoApp/iOSDemoApp-Bridging-Header.h;
				CODE_SIGN_STYLE = Automatic;
				CURRENT_PROJECT_VERSION = 1;
				GENERATE_INFOPLIST_FILE = NO;
				INFOPLIST_FILE = iOSDemoApp/Info.plist;
				IPHONEOS_DEPLOYMENT_TARGET = 15.0;
				LD_RUNPATH_SEARCH_PATHS = (
					"$(inherited)",
					"@executable_path/Frameworks",
				);
				MARKETING_VERSION = 1.0;
				PRODUCT_BUNDLE_IDENTIFIER = com.shashlik.demo.ios;
				PRODUCT_NAME = "$(TARGET_NAME)";
				SDKROOT = iphoneos;
				SUPPORTED_PLATFORMS = "iphonesimulator iphoneos";
				SWIFT_VERSION = 5.0;
				TARGETED_DEVICE_FAMILY = 1;
				ALWAYS_SEARCH_USER_PATHS = NO;
			};
			name = Release;
		};
		1A1A1A1A2A00000100000002 /* Debug */ = {
			isa = XCBuildConfiguration;
			buildSettings = {
				CLANG_WARN_BLOCK_CAPTURE_AUTORELEASING = YES;
				CLANG_WARN_BOOL_CONVERSION = YES;
				CLANG_WARN_COMMA = YES;
				CLANG_WARN_CONSTANT_CONVERSION = YES;
				CLANG_WARN_DEPRECATED_OBJC_IMPLEMENTATIONS = YES;
				CLANG_WARN_EMPTY_BODY = YES;
				CLANG_WARN_ENUM_CONVERSION = YES;
				CLANG_WARN_INFINITE_RECURSION = YES;
				CLANG_WARN_INT_CONVERSION = YES;
				CLANG_WARN_NON_LITERAL_NULL_CONVERSION = YES;
				CLANG_WARN_OBJC_IMPLICIT_RETAIN_SELF = YES;
				CLANG_WARN_OBJC_LITERAL_CONVERSION = YES;
				CLANG_WARN_QUOTED_INCLUDE_IN_FRAMEWORK_HEADER = YES;
				CLANG_WARN_RANGE_LOOP_ANALYSIS = YES;
				CLANG_WARN_STRICT_PROTOTYPES = YES;
				CLANG_WARN_SUSPICIOUS_MOVE = YES;
				CLANG_WARN_UNREACHABLE_CODE = YES;
				CLANG_WARN__DUPLICATE_METHOD_MATCH = YES;
				DEAD_CODE_STRIPPING = YES;
				DEVELOPMENT_TEAM = 6CKMG7NJWE;
				ENABLE_STRICT_OBJC_MSGSEND = YES;
				ENABLE_TESTABILITY = YES;
				ENABLE_USER_SCRIPT_SANDBOXING = NO;
				GCC_NO_COMMON_BLOCKS = YES;
				GCC_WARN_64_TO_32_BIT_CONVERSION = YES;
				GCC_WARN_ABOUT_RETURN_TYPE = YES;
				GCC_WARN_UNDECLARED_SELECTOR = YES;
				GCC_WARN_UNINITIALIZED_AUTOS = YES;
				GCC_WARN_UNUSED_FUNCTION = YES;
				GCC_WARN_UNUSED_VARIABLE = YES;
				ONLY_ACTIVE_ARCH = YES;
				STRING_CATALOG_GENERATE_SYMBOLS = YES;
			};
			name = Debug;
		};
		1A1A1A1A2A00000100000003 /* Release */ = {
			isa = XCBuildConfiguration;
			buildSettings = {
				CLANG_WARN_BLOCK_CAPTURE_AUTORELEASING = YES;
				CLANG_WARN_BOOL_CONVERSION = YES;
				CLANG_WARN_COMMA = YES;
				CLANG_WARN_CONSTANT_CONVERSION = YES;
				CLANG_WARN_DEPRECATED_OBJC_IMPLEMENTATIONS = YES;
				CLANG_WARN_EMPTY_BODY = YES;
				CLANG_WARN_ENUM_CONVERSION = YES;
				CLANG_WARN_INFINITE_RECURSION = YES;
				CLANG_WARN_INT_CONVERSION = YES;
				CLANG_WARN_NON_LITERAL_NULL_CONVERSION = YES;
				CLANG_WARN_OBJC_IMPLICIT_RETAIN_SELF = YES;
				CLANG_WARN_OBJC_LITERAL_CONVERSION = YES;
				CLANG_WARN_QUOTED_INCLUDE_IN_FRAMEWORK_HEADER = YES;
				CLANG_WARN_RANGE_LOOP_ANALYSIS = YES;
				CLANG_WARN_STRICT_PROTOTYPES = YES;
				CLANG_WARN_SUSPICIOUS_MOVE = YES;
				CLANG_WARN_UNREACHABLE_CODE = YES;
				CLANG_WARN__DUPLICATE_METHOD_MATCH = YES;
				DEAD_CODE_STRIPPING = YES;
				DEVELOPMENT_TEAM = 6CKMG7NJWE;
				ENABLE_STRICT_OBJC_MSGSEND = YES;
				ENABLE_USER_SCRIPT_SANDBOXING = NO;
				GCC_NO_COMMON_BLOCKS = YES;
				GCC_WARN_64_TO_32_BIT_CONVERSION = YES;
				GCC_WARN_ABOUT_RETURN_TYPE = YES;
				GCC_WARN_UNDECLARED_SELECTOR = YES;
				GCC_WARN_UNINITIALIZED_AUTOS = YES;
				GCC_WARN_UNUSED_FUNCTION = YES;
				GCC_WARN_UNUSED_VARIABLE = YES;
				STRING_CATALOG_GENERATE_SYMBOLS = YES;
				SWIFT_COMPILATION_MODE = wholemodule;
			};
			name = Release;
		};
/* End XCBuildConfiguration section */

/* Begin XCConfigurationList section */
		1A1A1A022A00000100000001 /* Build configuration list for PBXProject "iOSDemoApp" */ = {
			isa = XCConfigurationList;
			buildConfigurations = (
				1A1A1A1A2A00000100000002 /* Debug */,
				1A1A1A1A2A00000100000003 /* Release */,
			);
			defaultConfigurationIsVisible = 0;
			defaultConfigurationName = Debug;
		};
		1A1A1A192A00000100000001 /* Build configuration list for PBXNativeTarget "iOSDemoApp" */ = {
			isa = XCConfigurationList;
			buildConfigurations = (
				1A1A1A172A00000100000001 /* Debug */,
				1A1A1A182A00000100000001 /* Release */,
			);
			defaultConfigurationIsVisible = 0;
			defaultConfigurationName = Debug;
		};
/* End XCConfigurationList section */
	};
	rootObject = 1A1A1A012A00000100000001 /* Project object */;
}
